
Microsoft Visual Studio Solution File, Format Version 12.00
# Visual Studio Version 17
VisualStudioVersion = 17.4.33213.308
MinimumVisualStudioVersion = 10.0.40219.1
Project("{9A19103F-16F7-4668-BE54-9A1E7A4F7556}") = "The_part_1", "The_part_1\The_part_1.csproj", "{4AF0C9BD-F9F3-447B-A820-DA8A96F77250}"
EndProject
Project("{9A19103F-16F7-4668-BE54-9A1E7A4F7556}") = "The_part_2", "The_part_2\The_part_2.csproj", "{1549B572-6EBE-4F4D-A822-6233FB531D0F}"
EndProject
Global
	GlobalSection(SolutionConfigurationPlatforms) = preSolution
		Debug|Any CPU = Debug|Any CPU
		Release|Any CPU = Release|Any CPU
	EndGlobalSection
	GlobalSection(ProjectConfigurationPlatforms) = postSolution
		{4AF0C9BD-F9F3-447B-A820-DA8A96F77250}.Debug|Any CPU.ActiveCfg = Debug|Any CPU
		{4AF0C9BD-F9F3-447B-A820-DA8A96F77250}.Debug|Any CPU.Build.0 = Debug|Any CPU
		{4AF0C9BD-F9F3-447B-A820-DA8A96F77250}.Release|Any CPU.ActiveCfg = Release|Any CPU
		{4AF0C9BD-F9F3-447B-A820-DA8A96F77250}.Release|Any CPU.Build.0 = Release|Any CPU
		{1549B572-6EBE-4F4D-A822-6233FB531D0F}.Debug|Any CPU.ActiveCfg = Debug|Any CPU
		{1549B572-6EBE-4F4D-A822-6233FB531D0F}.Debug|Any CPU.Build.0 = Debug|Any CPU
		{1549B572-6EBE-4F4D-A822-6233FB531D0F}.Release|Any CPU.ActiveCfg = Release|Any CPU
		{1549B572-6EBE-4F4D-A822-6233FB531D0F}.Release|Any CPU.Build.0 = Release|Any CPU
	EndGlobalSection
	GlobalSection(SolutionProperties) = preSolution
		HideSolutionNode = FALSE
	EndGlobalSection
	GlobalSection(ExtensibilityGlobals) = postSolution
		SolutionGuid = {73318C18-B454-4BB6-A6FD-485676A46177}
	EndGlobalSection
EndGlobal
